
Microsoft Visual Studio Solution File, Format Version 12.00
# Visual Studio 15
VisualStudioVersion = 15.0.28307.539
MinimumVisualStudioVersion = 10.0.40219.1
Project("{FAE04EC0-301F-11D3-BF4B-00C04F79EFBC}") = "UnitOfWork", "UnitOfWork\UnitOfWork.csproj", "{8C0457D0-F00E-4674-AC1B-3C03B2039286}"
EndProject
Project("{FAE04EC0-301F-11D3-BF4B-00C04F79EFBC}") = "Core", "Core\Core.csproj", "{79B1C0AA-A66D-4073-BAE1-8904C408FE3B}"
EndProject
Project("{FAE04EC0-301F-11D3-BF4B-00C04F79EFBC}") = "Infrastructure", "Infrastructure\Infrastructure.csproj", "{179D93BF-2E00-4555-A004-9E3B3812E0EE}"
EndProject
Global
	GlobalSection(SolutionConfigurationPlatforms) = preSolution
		Debug|Any CPU = Debug|Any CPU
		Release|Any CPU = Release|Any CPU
	EndGlobalSection
	GlobalSection(ProjectConfigurationPlatforms) = postSolution
		{8C0457D0-F00E-4674-AC1B-3C03B2039286}.Debug|Any CPU.ActiveCfg = Debug|Any CPU
		{8C0457D0-F00E-4674-AC1B-3C03B2039286}.Debug|Any CPU.Build.0 = Debug|Any CPU
		{8C0457D0-F00E-4674-AC1B-3C03B2039286}.Release|Any CPU.ActiveCfg = Release|Any CPU
		{8C0457D0-F00E-4674-AC1B-3C03B2039286}.Release|Any CPU.Build.0 = Release|Any CPU
		{79B1C0AA-A66D-4073-BAE1-8904C408FE3B}.Debug|Any CPU.ActiveCfg = Debug|Any CPU
		{79B1C0AA-A66D-4073-BAE1-8904C408FE3B}.Debug|Any CPU.Build.0 = Debug|Any CPU
		{79B1C0AA-A66D-4073-BAE1-8904C408FE3B}.Release|Any CPU.ActiveCfg = Release|Any CPU
		{79B1C0AA-A66D-4073-BAE1-8904C408FE3B}.Release|Any CPU.Build.0 = Release|Any CPU
		{179D93BF-2E00-4555-A004-9E3B3812E0EE}.Debug|Any CPU.ActiveCfg = Debug|Any CPU
		{179D93BF-2E00-4555-A004-9E3B3812E0EE}.Debug|Any CPU.Build.0 = Debug|Any CPU
		{179D93BF-2E00-4555-A004-9E3B3812E0EE}.Release|Any CPU.ActiveCfg = Release|Any CPU
		{179D93BF-2E00-4555-A004-9E3B3812E0EE}.Release|Any CPU.Build.0 = Release|Any CPU
	EndGlobalSection
	GlobalSection(SolutionProperties) = preSolution
		HideSolutionNode = FALSE
	EndGlobalSection
	GlobalSection(ExtensibilityGlobals) = postSolution
		SolutionGuid = {244D93A1-6721-49BD-B968-A7F3C688AFA5}
	EndGlobalSection
EndGlobal
